
Microsoft Visual Studio Solution File, Format Version 12.00
# Visual Studio Version 17
VisualStudioVersion = 17.1.32319.34
MinimumVisualStudioVersion = 10.0.40219.1
Project("{9A19103F-16F7-4668-BE54-9A1E7A4F7556}") = "RELib", "..\RELib\RELib.csproj", "{10BABFD8-1ABF-49C5-93C0-A8FFC9B05D09}"
EndProject
Project("{9A19103F-16F7-4668-BE54-9A1E7A4F7556}") = "RE", "..\RE\RE.csproj", "{87CE04E5-EB66-4E84-977C-97DCCA51F568}"
EndProject
Project("{FAE04EC0-301F-11D3-BF4B-00C04F79EFBC}") = "REBasic", "..\REBasic\REBasic.csproj", "{397D09B2-6430-44BB-A079-8E063754E0B3}"
	ProjectSection(ProjectDependencies) = postProject
		{10BABFD8-1ABF-49C5-93C0-A8FFC9B05D09} = {10BABFD8-1ABF-49C5-93C0-A8FFC9B05D09}
	EndProjectSection
EndProject
Project("{9A19103F-16F7-4668-BE54-9A1E7A4F7556}") = "REFileSystem", "..\REFileSystem\REFileSystem.csproj", "{325A9138-E7AD-45A4-A144-4081A5A294FD}"
EndProject
Project("{9A19103F-16F7-4668-BE54-9A1E7A4F7556}") = "REMulti", "..\REMulti\REMulti.csproj", "{E4FD58A9-2302-45B6-96BD-C3383993C2EB}"
EndProject
Project("{9A19103F-16F7-4668-BE54-9A1E7A4F7556}") = "RERegex", "..\RERegex\RERegex.csproj", "{23D50102-F5DC-4D63-AF1C-B0F2F26A4A78}"
EndProject
Project("{9A19103F-16F7-4668-BE54-9A1E7A4F7556}") = "REXML", "..\REXML\REXML.csproj", "{1487423F-5208-46EB-AFBE-075B6C982D1E}"
EndProject
Project("{9A19103F-16F7-4668-BE54-9A1E7A4F7556}") = "REHTTP", "..\REHTTP\REHTTP.csproj", "{04F9BAE9-4ADF-44CC-A7C9-267EABF7C9B6}"
EndProject
Project("{9A19103F-16F7-4668-BE54-9A1E7A4F7556}") = "REJSON", "..\REJSON\REJSON.csproj", "{9352C674-5021-4A29-BB99-6AD65C30B519}"
EndProject
Global
	GlobalSection(SolutionConfigurationPlatforms) = preSolution
		Debug|Any CPU = Debug|Any CPU
		Release|Any CPU = Release|Any CPU
	EndGlobalSection
	GlobalSection(ProjectConfigurationPlatforms) = postSolution
		{10BABFD8-1ABF-49C5-93C0-A8FFC9B05D09}.Debug|Any CPU.ActiveCfg = Debug|Any CPU
		{10BABFD8-1ABF-49C5-93C0-A8FFC9B05D09}.Debug|Any CPU.Build.0 = Debug|Any CPU
		{10BABFD8-1ABF-49C5-93C0-A8FFC9B05D09}.Release|Any CPU.ActiveCfg = Release|Any CPU
		{10BABFD8-1ABF-49C5-93C0-A8FFC9B05D09}.Release|Any CPU.Build.0 = Release|Any CPU
		{87CE04E5-EB66-4E84-977C-97DCCA51F568}.Debug|Any CPU.ActiveCfg = Debug|Any CPU
		{87CE04E5-EB66-4E84-977C-97DCCA51F568}.Debug|Any CPU.Build.0 = Debug|Any CPU
		{87CE04E5-EB66-4E84-977C-97DCCA51F568}.Release|Any CPU.ActiveCfg = Release|Any CPU
		{87CE04E5-EB66-4E84-977C-97DCCA51F568}.Release|Any CPU.Build.0 = Release|Any CPU
		{397D09B2-6430-44BB-A079-8E063754E0B3}.Debug|Any CPU.ActiveCfg = Debug|Any CPU
		{397D09B2-6430-44BB-A079-8E063754E0B3}.Debug|Any CPU.Build.0 = Debug|Any CPU
		{397D09B2-6430-44BB-A079-8E063754E0B3}.Release|Any CPU.ActiveCfg = Release|Any CPU
		{397D09B2-6430-44BB-A079-8E063754E0B3}.Release|Any CPU.Build.0 = Release|Any CPU
		{325A9138-E7AD-45A4-A144-4081A5A294FD}.Debug|Any CPU.ActiveCfg = Debug|Any CPU
		{325A9138-E7AD-45A4-A144-4081A5A294FD}.Debug|Any CPU.Build.0 = Debug|Any CPU
		{325A9138-E7AD-45A4-A144-4081A5A294FD}.Release|Any CPU.ActiveCfg = Release|Any CPU
		{325A9138-E7AD-45A4-A144-4081A5A294FD}.Release|Any CPU.Build.0 = Release|Any CPU
		{E4FD58A9-2302-45B6-96BD-C3383993C2EB}.Debug|Any CPU.ActiveCfg = Debug|Any CPU
		{E4FD58A9-2302-45B6-96BD-C3383993C2EB}.Debug|Any CPU.Build.0 = Debug|Any CPU
		{E4FD58A9-2302-45B6-96BD-C3383993C2EB}.Release|Any CPU.ActiveCfg = Release|Any CPU
		{E4FD58A9-2302-45B6-96BD-C3383993C2EB}.Release|Any CPU.Build.0 = Release|Any CPU
		{23D50102-F5DC-4D63-AF1C-B0F2F26A4A78}.Debug|Any CPU.ActiveCfg = Debug|Any CPU
		{23D50102-F5DC-4D63-AF1C-B0F2F26A4A78}.Debug|Any CPU.Build.0 = Debug|Any CPU
		{23D50102-F5DC-4D63-AF1C-B0F2F26A4A78}.Release|Any CPU.ActiveCfg = Release|Any CPU
		{23D50102-F5DC-4D63-AF1C-B0F2F26A4A78}.Release|Any CPU.Build.0 = Release|Any CPU
		{1487423F-5208-46EB-AFBE-075B6C982D1E}.Debug|Any CPU.ActiveCfg = Debug|Any CPU
		{1487423F-5208-46EB-AFBE-075B6C982D1E}.Debug|Any CPU.Build.0 = Debug|Any CPU
		{1487423F-5208-46EB-AFBE-075B6C982D1E}.Release|Any CPU.ActiveCfg = Release|Any CPU
		{1487423F-5208-46EB-AFBE-075B6C982D1E}.Release|Any CPU.Build.0 = Release|Any CPU
		{04F9BAE9-4ADF-44CC-A7C9-267EABF7C9B6}.Debug|Any CPU.ActiveCfg = Debug|Any CPU
		{04F9BAE9-4ADF-44CC-A7C9-267EABF7C9B6}.Debug|Any CPU.Build.0 = Debug|Any CPU
		{04F9BAE9-4ADF-44CC-A7C9-267EABF7C9B6}.Release|Any CPU.ActiveCfg = Release|Any CPU
		{04F9BAE9-4ADF-44CC-A7C9-267EABF7C9B6}.Release|Any CPU.Build.0 = Release|Any CPU
		{9352C674-5021-4A29-BB99-6AD65C30B519}.Debug|Any CPU.ActiveCfg = Debug|Any CPU
		{9352C674-5021-4A29-BB99-6AD65C30B519}.Debug|Any CPU.Build.0 = Debug|Any CPU
		{9352C674-5021-4A29-BB99-6AD65C30B519}.Release|Any CPU.ActiveCfg = Release|Any CPU
		{9352C674-5021-4A29-BB99-6AD65C30B519}.Release|Any CPU.Build.0 = Release|Any CPU
	EndGlobalSection
	GlobalSection(SolutionProperties) = preSolution
		HideSolutionNode = FALSE
	EndGlobalSection
	GlobalSection(ExtensibilityGlobals) = postSolution
		SolutionGuid = {E8DEFC36-597F-4AA5-8C67-275D1CA5EBD3}
	EndGlobalSection
EndGlobal
